# auto-generated by grc.converter

id: dab_fib_sink_vb
label: fib_sink_vb
category: '[DAB]'

parameters:
-   id: '...'
    label: '...'
    dtype: '...'
-   id: print_channel_info
    label: Print channel info
    dtype: bool
    default: 'False'
    options: ['True', 'False']
    option_labels: ['Yes', 'No']

inputs:
-   domain: stream
    dtype: ''

outputs:
-   domain: stream
    dtype: ''

templates:
    imports: import gnuradio.dab as dab
    make: |-
        dab.fib_sink_vb
        self.${id}.set_print_channel_info(${print_channel_info})
    callbacks:
    - self.${id}.set_print_channel_info(${print_channel_info})

file_format: 1
