# auto-generated by grc.converter

id: dab_ofdm_sync_dab2
label: OFDM sync v2
category: '[DAB]'

parameters:
-   id: mode
    label: Mode
    dtype: int
-   id: debug
    label: Debug
    dtype: bool
-   id: samp_rate
    label: Sample rate
    dtype: int
    default: 2048000

inputs:
-   domain: stream
    dtype: complex

outputs:
-   domain: stream
    dtype: complex
#-   label: trigger
#    domain: stream
#    dtype: byte

templates:
    imports: import gnuradio.dab as dab
    make: dab.ofdm_sync_dab2(dab.parameters.dab_parameters(mode=1,sample_rate=${samp_rate},verbose=False), dab.parameters.receiver_parameters(mode=${mode}, softbits=True, input_fft_filter=True, autocorrect_sample_rate=False, sample_rate_correction_factor=0.0, always_include_resample=True, verbose=False, correct_ffe=True, equalize_magnitude=True), ${debug})

file_format: 1
