# auto-generated by grc.converter

id: dab_prune_vectors
label: prune_vectors
category: '[DAB]'

parameters:
-   id: '...'
    label: '...'
    dtype: '...'

inputs:
-   domain: stream
    dtype: ''

outputs:
-   domain: stream
    dtype: ''

templates:
    imports: import gnuradio.dab as dab
    make: dab.prune_vectors(${itemsize}, ${length}, ${prune_start}, ${prune_end})

file_format: 1
