# auto-generated by grc.converter

id: dab_ofdm_insert_pilot_vcc
label: ofdm_insert_pilot_vcc
category: '[DAB]'

parameters:
-   id: '...'
    label: '...'
    dtype: '...'

inputs:
-   domain: stream
    dtype: ''

outputs:
-   domain: stream
    dtype: ''

templates:
    imports: import gnuradio.dab as dab
    make: dab.ofdm_insert_pilot_vcc(${pilot})

file_format: 1
