# auto-generated by grc.converter

id: dab_puncture_bb
label: Puncture
category: '[DAB]'

parameters:
-   id: puncturing_vector
    label: Puncturing vector
    dtype: raw

inputs:
-   domain: stream
    dtype: byte

outputs:
-   domain: stream
    dtype: byte

templates:
    imports: import gnuradio.dab as dab
    make: dab.puncture_bb(${puncturing_vector})

file_format: 1
