# auto-generated by grc.converter

id: dab_unpuncture_vff
label: unpuncture_vff
category: '[DAB]'

parameters:
-   id: '...'
    label: '...'
    dtype: '...'

inputs:
-   domain: stream
    dtype: ''

outputs:
-   domain: stream
    dtype: ''

templates:
    imports: import gnuradio.dab as dab
    make: dab.unpuncture_vff(${puncturing_vector}, ${fillval})

file_format: 1
