# auto-generated by grc.converter

id: dab_mp2_decode_bs
label: 'DAB: MP2 Decoder'
category: '[DAB]'

parameters:
-   id: bit_rate_n
    label: Bitrate / 8kbit/s
    dtype: int

inputs:
-   domain: stream
    dtype: byte

outputs:
-   domain: stream
    dtype: raw
-   domain: stream
    dtype: raw

templates:
    imports: import gnuradio.dab as dab
    make: dab.mp2_decode_bs(${bit_rate_n})

file_format: 1
