# auto-generated by grc.converter

id: dab_detect_null
label: Detect NULL
category: '[DAB]'

parameters:
-   id: length
    label: NULL Len. in samples
    dtype: int

inputs:
-   domain: stream
    dtype: complex

outputs:
-   domain: stream
    dtype: byte

templates:
    imports: import gnuradio.dab as dab
    make: dab.detect_null(${length}, False)

file_format: 1
