# auto-generated by grc.converter

id: dab_firecode_check_bb
label: Firecode checker
category: '[DAB]'

parameters:
-   id: bit_rate_n
    label: Bit Rate/8kbits
    dtype: int

inputs:
-   domain: stream
    dtype: byte

outputs:
-   domain: stream
    dtype: byte

templates:
    imports: import gnuradio.dab as dab
    make: dab.firecode_check_bb(${bit_rate_n})

file_format: 1
