# auto-generated by grc.converter

id: dab_ofdm_move_and_insert_zero
label: ofdm_move_and_insert_zero
category: '[DAB]'

parameters:
-   id: '...'
    label: '...'
    dtype: '...'

inputs:
-   domain: stream
    dtype: ''

outputs:
-   domain: stream
    dtype: ''

templates:
    imports: import gnuradio.dab as dab
    make: dab.ofdm_move_and_insert_zero(${fft_length}, ${num_carriers})

file_format: 1
