# auto-generated by grc.converter

id: dab_ofdm_mod
label: 'DAB: OFDM Modulator'
category: '[DAB]'

parameters:
-   id: dab_mode
    label: DAB Mode
    dtype: enum
    default: '1'
    options: ['1', '2', '3', '4']
-   id: samp_rate
    label: Sampling Rate
    dtype: int
    default: samp_rate

inputs:
-   label: dat
    domain: stream
    dtype: byte
    vlen: 384
-   label: trigger
    domain: stream
    dtype: byte

outputs:
-   label: dat
    domain: stream
    dtype: complex

templates:
    imports: import gnuradio.dab as dab
    make: "dab.ofdm_mod(\n          dab.parameters.dab_parameters(\n         \
        \   mode=${dab_mode},\n            sample_rate=${samp_rate},\n           \
        \ verbose=False\n          )\n        )\n  "

file_format: 1
