# auto-generated by grc.converter

id: dab_moving_sum_ff
label: Moving sum
category: '[DAB]'

parameters:
-   id: length
    label: Length
    dtype: int

inputs:
-   domain: stream
    dtype: float

outputs:
-   domain: stream
    dtype: float

templates:
    imports: import gnuradio.dab as dab
    make: dab.moving_sum_ff(${length})

file_format: 1
