# auto-generated by grc.converter

id: dab_diff_phasor_vcc
label: Diff Phasor VCC
category: '[DAB]'

parameters:
-   id: num_carriers
    label: num_carriers
    dtype: int

inputs:
-   domain: stream
    dtype: complex
    vlen: ${ num_carriers }

outputs:
-   domain: stream
    dtype: complex
    vlen: ${ num_carriers }

templates:
    imports: import gnuradio.dab as dab
    make: dab.diff_phasor_vcc(${num_carriers})

file_format: 1
