# auto-generated by grc.converter

id: dab_ofdm_sampler
label: OFDM Sampler
category: '[DAB]'

parameters:
-   id: fft_length
    label: fft_length
    dtype: int
-   id: cp_length
    label: cp_length
    dtype: int
-   id: symbols_per_frame
    label: symbols_per_frame
    dtype: int
-   id: gap
    label: gap
    dtype: int

inputs:
-   domain: stream
    dtype: complex

outputs:
-   domain: stream
    dtype: complex
    vlen: ${ fft_length }

templates:
    imports: import gnuradio.dab as dab
    make: dab.ofdm_sampler(${fft_length}, ${cp_length}, ${symbols_per_frame}, ${gap})

file_format: 1
